
Microsoft Visual Studio Solution File, Format Version 12.00
# Visual Studio Version 17
VisualStudioVersion = 17.4.33110.190
MinimumVisualStudioVersion = 10.0.40219.1
Project("{FAE04EC0-301F-11D3-BF4B-00C04F79EFBC}") = "buoi2_ketNoiSQL", "buoi2_ketNoiSQL\buoi2_ketNoiSQL.csproj", "{13F80A93-8BF6-4BEE-A4F6-5EC4A7982F76}"
EndProject
Project("{FAE04EC0-301F-11D3-BF4B-00C04F79EFBC}") = "WindowsFormsApp1", "WindowsFormsApp1\WindowsFormsApp1.csproj", "{1BC6193E-73A7-495F-B145-AD134DD0106B}"
EndProject
Project("{FAE04EC0-301F-11D3-BF4B-00C04F79EFBC}") = "BTTH2", "BTTH2\BTTH2.csproj", "{476A2D79-5746-4933-9C9B-07E8FDDCBF5C}"
EndProject
Project("{FAE04EC0-301F-11D3-BF4B-00C04F79EFBC}") = "btthBuoi3", "btthBuoi3\btthBuoi3.csproj", "{843BD7A0-3B63-4BC3-B027-FB2ACCD6DFAF}"
EndProject
Project("{FAE04EC0-301F-11D3-BF4B-00C04F79EFBC}") = "THBuoi4", "THBuoi4\THBuoi4.csproj", "{43CC9614-CD81-4BB2-AD96-C9443B789880}"
EndProject
Global
	GlobalSection(SolutionConfigurationPlatforms) = preSolution
		Debug|Any CPU = Debug|Any CPU
		Release|Any CPU = Release|Any CPU
	EndGlobalSection
	GlobalSection(ProjectConfigurationPlatforms) = postSolution
		{13F80A93-8BF6-4BEE-A4F6-5EC4A7982F76}.Debug|Any CPU.ActiveCfg = Debug|Any CPU
		{13F80A93-8BF6-4BEE-A4F6-5EC4A7982F76}.Debug|Any CPU.Build.0 = Debug|Any CPU
		{13F80A93-8BF6-4BEE-A4F6-5EC4A7982F76}.Release|Any CPU.ActiveCfg = Release|Any CPU
		{13F80A93-8BF6-4BEE-A4F6-5EC4A7982F76}.Release|Any CPU.Build.0 = Release|Any CPU
		{1BC6193E-73A7-495F-B145-AD134DD0106B}.Debug|Any CPU.ActiveCfg = Debug|Any CPU
		{1BC6193E-73A7-495F-B145-AD134DD0106B}.Debug|Any CPU.Build.0 = Debug|Any CPU
		{1BC6193E-73A7-495F-B145-AD134DD0106B}.Release|Any CPU.ActiveCfg = Release|Any CPU
		{1BC6193E-73A7-495F-B145-AD134DD0106B}.Release|Any CPU.Build.0 = Release|Any CPU
		{476A2D79-5746-4933-9C9B-07E8FDDCBF5C}.Debug|Any CPU.ActiveCfg = Debug|Any CPU
		{476A2D79-5746-4933-9C9B-07E8FDDCBF5C}.Debug|Any CPU.Build.0 = Debug|Any CPU
		{476A2D79-5746-4933-9C9B-07E8FDDCBF5C}.Release|Any CPU.ActiveCfg = Release|Any CPU
		{476A2D79-5746-4933-9C9B-07E8FDDCBF5C}.Release|Any CPU.Build.0 = Release|Any CPU
		{843BD7A0-3B63-4BC3-B027-FB2ACCD6DFAF}.Debug|Any CPU.ActiveCfg = Debug|Any CPU
		{843BD7A0-3B63-4BC3-B027-FB2ACCD6DFAF}.Debug|Any CPU.Build.0 = Debug|Any CPU
		{843BD7A0-3B63-4BC3-B027-FB2ACCD6DFAF}.Release|Any CPU.ActiveCfg = Release|Any CPU
		{843BD7A0-3B63-4BC3-B027-FB2ACCD6DFAF}.Release|Any CPU.Build.0 = Release|Any CPU
		{43CC9614-CD81-4BB2-AD96-C9443B789880}.Debug|Any CPU.ActiveCfg = Debug|Any CPU
		{43CC9614-CD81-4BB2-AD96-C9443B789880}.Debug|Any CPU.Build.0 = Debug|Any CPU
		{43CC9614-CD81-4BB2-AD96-C9443B789880}.Release|Any CPU.ActiveCfg = Release|Any CPU
		{43CC9614-CD81-4BB2-AD96-C9443B789880}.Release|Any CPU.Build.0 = Release|Any CPU
	EndGlobalSection
	GlobalSection(SolutionProperties) = preSolution
		HideSolutionNode = FALSE
	EndGlobalSection
	GlobalSection(ExtensibilityGlobals) = postSolution
		SolutionGuid = {246E753C-8754-40C0-930C-73E5DB5AEFDD}
	EndGlobalSection
EndGlobal
